
Microsoft Visual Studio Solution File, Format Version 12.00
# Visual Studio Version 17
VisualStudioVersion = 17.14.36511.14
MinimumVisualStudioVersion = 10.0.40219.1
Project("{FAE04EC0-301F-11D3-BF4B-00C04F79EFBC}") = "RectangleApp", "RectangleApp\RectangleApp.csproj", "{5E1A0195-2388-4082-8FBA-53BE8DF1F60A}"
EndProject
Project("{FAE04EC0-301F-11D3-BF4B-00C04F79EFBC}") = "RectangleApp.Tests", "RectangleApp.Tests\RectangleApp.Tests.csproj", "{3000BE72-5F38-4C45-9A14-E2C7B3F389B9}"
EndProject
Global
	GlobalSection(SolutionConfigurationPlatforms) = preSolution
		Debug|Any CPU = Debug|Any CPU
		Release|Any CPU = Release|Any CPU
	EndGlobalSection
	GlobalSection(ProjectConfigurationPlatforms) = postSolution
		{5E1A0195-2388-4082-8FBA-53BE8DF1F60A}.Debug|Any CPU.ActiveCfg = Debug|Any CPU
		{5E1A0195-2388-4082-8FBA-53BE8DF1F60A}.Debug|Any CPU.Build.0 = Debug|Any CPU
		{5E1A0195-2388-4082-8FBA-53BE8DF1F60A}.Release|Any CPU.ActiveCfg = Release|Any CPU
		{5E1A0195-2388-4082-8FBA-53BE8DF1F60A}.Release|Any CPU.Build.0 = Release|Any CPU
		{3000BE72-5F38-4C45-9A14-E2C7B3F389B9}.Debug|Any CPU.ActiveCfg = Debug|Any CPU
		{3000BE72-5F38-4C45-9A14-E2C7B3F389B9}.Debug|Any CPU.Build.0 = Debug|Any CPU
		{3000BE72-5F38-4C45-9A14-E2C7B3F389B9}.Release|Any CPU.ActiveCfg = Release|Any CPU
		{3000BE72-5F38-4C45-9A14-E2C7B3F389B9}.Release|Any CPU.Build.0 = Release|Any CPU
	EndGlobalSection
	GlobalSection(SolutionProperties) = preSolution
		HideSolutionNode = FALSE
	EndGlobalSection
	GlobalSection(ExtensibilityGlobals) = postSolution
		SolutionGuid = {C952972C-A192-4936-A056-DE2E6609F1BF}
	EndGlobalSection
EndGlobal
